// !$*UTF8*$!
{
	archiveVersion = 1;
	classes = {
	};
	objectVersion = 46;
	objects = {

/* Begin PBXBuildFile section */
		D82774EE1F6395790000333C /* AppDelegate.swift in Sources */ = {isa = PBXBuildFile; fileRef = D82774ED1F6395790000333C /* AppDelegate.swift */; };
		D82774F01F6395790000333C /* ViewController.swift in Sources */ = {isa = PBXBuildFile; fileRef = D82774EF1F6395790000333C /* ViewController.swift */; };
		D82774F31F6395790000333C /* Main.storyboard in Resources */ = {isa = PBXBuildFile; fileRef = D82774F11F6395790000333C /* Main.storyboard */; };
		D82774F51F6395790000333C /* Assets.xcassets in Resources */ = {isa = PBXBuildFile; fileRef = D82774F41F6395790000333C /* Assets.xcassets */; };
		D82774F81F6395790000333C /* LaunchScreen.storyboard in Resources */ = {isa = PBXBuildFile; fileRef = D82774F61F6395790000333C /* LaunchScreen.storyboard */; };
		D8E54F201F63A9A3004EB14E /* GoogleService-Info (1).plist in Resources */ = {isa = PBXBuildFile; fileRef = D8E54F1F1F63A9A3004EB14E /* GoogleService-Info (1).plist */; };
		DC4116B18DCA214D73B61EDE /* Pods_gdg_firebase_demo.framework in Frameworks */ = {isa = PBXBuildFile; fileRef = 0D6D6AAF12CEF26F5439DF2B /* Pods_gdg_firebase_demo.framework */; };
/* End PBXBuildFile section */

/* Begin PBXFileReference section */
		0D6D6AAF12CEF26F5439DF2B /* Pods_gdg_firebase_demo.framework */ = {isa = PBXFileReference; explicitFileType = wrapper.framework; includeInIndex = 0; path = Pods_gdg_firebase_demo.framework; sourceTree = BUILT_PRODUCTS_DIR; };
		4F15A471F9FEE0FF25F33B3B /* Pods-gdg-firebase-demo.debug.xcconfig */ = {isa = PBXFileReference; includeInIndex = 1; lastKnownFileType = text.xcconfig; name = "Pods-gdg-firebase-demo.debug.xcconfig"; path = "Pods/Target Support Files/Pods-gdg-firebase-demo/Pods-gdg-firebase-demo.debug.xcconfig"; sourceTree = "<group>"; };
		75C87450E28C50E77AB07FD7 /* Pods-gdg-firebase-demo.release.xcconfig */ = {isa = PBXFileReference; includeInIndex = 1; lastKnownFileType = text.xcconfig; name = "Pods-gdg-firebase-demo.release.xcconfig"; path = "Pods/Target Support Files/Pods-gdg-firebase-demo/Pods-gdg-firebase-demo.release.xcconfig"; sourceTree = "<group>"; };
		D82774EA1F6395790000333C /* gdg-firebase-demo.app */ = {isa = PBXFileReference; explicitFileType = wrapper.application; includeInIndex = 0; path = "gdg-firebase-demo.app"; sourceTree = BUILT_PRODUCTS_DIR; };
		D82774ED1F6395790000333C /* AppDelegate.swift */ = {isa = PBXFileReference; lastKnownFileType = sourcecode.swift; path = AppDelegate.swift; sourceTree = "<group>"; };
		D82774EF1F6395790000333C /* ViewController.swift */ = {isa = PBXFileReference; lastKnownFileType = sourcecode.swift; path = ViewController.swift; sourceTree = "<group>"; };
		D82774F21F6395790000333C /* Base */ = {isa = PBXFileReference; lastKnownFileType = file.storyboard; name = Base; path = Base.lproj/Main.storyboard; sourceTree = "<group>"; };
		D82774F41F6395790000333C /* Assets.xcassets */ = {isa = PBXFileReference; lastKnownFileType = folder.assetcatalog; path = Assets.xcassets; sourceTree = "<group>"; };
		D82774F71F6395790000333C /* Base */ = {isa = PBXFileReference; lastKnownFileType = file.storyboard; name = Base; path = Base.lproj/LaunchScreen.storyboard; sourceTree = "<group>"; };
		D82774F91F6395790000333C /* Info.plist */ = {isa = PBXFileReference; lastKnownFileType = text.plist.xml; path = Info.plist; sourceTree = "<group>"; };
		D8E54F1F1F63A9A3004EB14E /* GoogleService-Info (1).plist */ = {isa = PBXFileReference; fileEncoding = 4; lastKnownFileType = text.plist.xml; path = "GoogleService-Info (1).plist"; sourceTree = "<group>"; };
/* End PBXFileReference section */

/* Begin PBXFrameworksBuildPhase section */
		D82774E71F6395780000333C /* Frameworks */ = {
			isa = PBXFrameworksBuildPhase;
			buildActionMask = 2147483647;
			files = (
				DC4116B18DCA214D73B61EDE /* Pods_gdg_firebase_demo.framework in Frameworks */,
			);
			runOnlyForDeploymentPostprocessing = 0;
		};
/* End PBXFrameworksBuildPhase section */

/* Begin PBXGroup section */
		368C9E1A1B099C1A92794747 /* Pods */ = {
			isa = PBXGroup;
			children = (
				4F15A471F9FEE0FF25F33B3B /* Pods-gdg-firebase-demo.debug.xcconfig */,
				75C87450E28C50E77AB07FD7 /* Pods-gdg-firebase-demo.release.xcconfig */,
			);
			name = Pods;
			sourceTree = "<group>";
		};
		429870FA7B6D32EDFDCE8D87 /* Frameworks */ = {
			isa = PBXGroup;
			children = (
				0D6D6AAF12CEF26F5439DF2B /* Pods_gdg_firebase_demo.framework */,
			);
			name = Frameworks;
			sourceTree = "<group>";
		};
		D82774E11F6395780000333C = {
			isa = PBXGroup;
			children = (
				D82774EC1F6395790000333C /* gdg-firebase-demo */,
				D82774EB1F6395790000333C /* Products */,
				368C9E1A1B099C1A92794747 /* Pods */,
				429870FA7B6D32EDFDCE8D87 /* Frameworks */,
			);
			sourceTree = "<group>";
		};
		D82774EB1F6395790000333C /* Products */ = {
			isa = PBXGroup;
			children = (
				D82774EA1F6395790000333C /* gdg-firebase-demo.app */,
			);
			name = Products;
			sourceTree = "<group>";
		};
		D82774EC1F6395790000333C /* gdg-firebase-demo */ = {
			isa = PBXGroup;
			children = (
				D82774ED1F6395790000333C /* AppDelegate.swift */,
				D82774EF1F6395790000333C /* ViewController.swift */,
				D82774F11F6395790000333C /* Main.storyboard */,
				D82774F41F6395790000333C /* Assets.xcassets */,
				D82774F61F6395790000333C /* LaunchScreen.storyboard */,
				D82774F91F6395790000333C /* Info.plist */,
				D8E54F1F1F63A9A3004EB14E /* GoogleService-Info (1).plist */,
			);
			path = "gdg-firebase-demo";
			sourceTree = "<group>";
		};
/* End PBXGroup section */

/* Begin PBXNativeTarget section */
		D82774E91F6395780000333C /* gdg-firebase-demo */ = {
			isa = PBXNativeTarget;
			buildConfigurationList = D82774FC1F6395790000333C /* Build configuration list for PBXNativeTarget "gdg-firebase-demo" */;
			buildPhases = (
				6CF82B435C6EFEA515D5855B /* [CP] Check Pods Manifest.lock */,
				D82774E61F6395780000333C /* Sources */,
				D82774E71F6395780000333C /* Frameworks */,
				D82774E81F6395780000333C /* Resources */,
				91DF256373AD002C38D86CA0 /* [CP] Embed Pods Frameworks */,
				D321F18564EDD24DBE18DE29 /* [CP] Copy Pods Resources */,
			);
			buildRules = (
			);
			dependencies = (
			);
			name = "gdg-firebase-demo";
			productName = "gdg-firebase-demo";
			productReference = D82774EA1F6395790000333C /* gdg-firebase-demo.app */;
			productType = "com.apple.product-type.application";
		};
/* End PBXNativeTarget section */

/* Begin PBXProject section */
		D82774E21F6395780000333C /* Project object */ = {
			isa = PBXProject;
			attributes = {
				LastSwiftUpdateCheck = 0810;
				LastUpgradeCheck = 0810;
				ORGANIZATIONNAME = Surya;
				TargetAttributes = {
					D82774E91F6395780000333C = {
						CreatedOnToolsVersion = 8.1;
						DevelopmentTeam = VBK4T9U642;
						ProvisioningStyle = Automatic;
					};
				};
			};
			buildConfigurationList = D82774E51F6395780000333C /* Build configuration list for PBXProject "gdg-firebase-demo" */;
			compatibilityVersion = "Xcode 3.2";
			developmentRegion = English;
			hasScannedForEncodings = 0;
			knownRegions = (
				en,
				Base,
			);
			mainGroup = D82774E11F6395780000333C;
			productRefGroup = D82774EB1F6395790000333C /* Products */;
			projectDirPath = "";
			projectRoot = "";
			targets = (
				D82774E91F6395780000333C /* gdg-firebase-demo */,
			);
		};
/* End PBXProject section */

/* Begin PBXResourcesBuildPhase section */
		D82774E81F6395780000333C /* Resources */ = {
			isa = PBXResourcesBuildPhase;
			buildActionMask = 2147483647;
			files = (
				D82774F81F6395790000333C /* LaunchScreen.storyboard in Resources */,
				D82774F51F6395790000333C /* Assets.xcassets in Resources */,
				D82774F31F6395790000333C /* Main.storyboard in Resources */,
				D8E54F201F63A9A3004EB14E /* GoogleService-Info (1).plist in Resources */,
			);
			runOnlyForDeploymentPostprocessing = 0;
		};
/* End PBXResourcesBuildPhase section */

/* Begin PBXShellScriptBuildPhase section */
		6CF82B435C6EFEA515D5855B /* [CP] Check Pods Manifest.lock */ = {
			isa = PBXShellScriptBuildPhase;
			buildActionMask = 2147483647;
			files = (
			);
			inputPaths = (
			);
			name = "[CP] Check Pods Manifest.lock";
			outputPaths = (
			);
			runOnlyForDeploymentPostprocessing = 0;
			shellPath = /bin/sh;
			shellScript = "diff \"${PODS_ROOT}/../Podfile.lock\" \"${PODS_ROOT}/Manifest.lock\" > /dev/null\nif [ $? != 0 ] ; then\n    # print error to STDERR\n    echo \"error: The sandbox is not in sync with the Podfile.lock. Run 'pod install' or update your CocoaPods installation.\" >&2\n    exit 1\nfi\n";
			showEnvVarsInLog = 0;
		};
		91DF256373AD002C38D86CA0 /* [CP] Embed Pods Frameworks */ = {
			isa = PBXShellScriptBuildPhase;
			buildActionMask = 2147483647;
			files = (
			);
			inputPaths = (
			);
			name = "[CP] Embed Pods Frameworks";
			outputPaths = (
			);
			runOnlyForDeploymentPostprocessing = 0;
			shellPath = /bin/sh;
			shellScript = "\"${SRCROOT}/Pods/Target Support Files/Pods-gdg-firebase-demo/Pods-gdg-firebase-demo-frameworks.sh\"\n";
			showEnvVarsInLog = 0;
		};
		D321F18564EDD24DBE18DE29 /* [CP] Copy Pods Resources */ = {
			isa = PBXShellScriptBuildPhase;
			buildActionMask = 2147483647;
			files = (
			);
			inputPaths = (
			);
			name = "[CP] Copy Pods Resources";
			outputPaths = (
			);
			runOnlyForDeploymentPostprocessing = 0;
			shellPath = /bin/sh;
			shellScript = "\"${SRCROOT}/Pods/Target Support Files/Pods-gdg-firebase-demo/Pods-gdg-firebase-demo-resources.sh\"\n";
			showEnvVarsInLog = 0;
		};
/* End PBXShellScriptBuildPhase section */

/* Begin PBXSourcesBuildPhase section */
		D82774E61F6395780000333C /* Sources */ = {
			isa = PBXSourcesBuildPhase;
			buildActionMask = 2147483647;
			files = (
				D82774F01F6395790000333C /* ViewController.swift in Sources */,
				D82774EE1F6395790000333C /* AppDelegate.swift in Sources */,
			);
			runOnlyForDeploymentPostprocessing = 0;
		};
/* End PBXSourcesBuildPhase section */

/* Begin PBXVariantGroup section */
		D82774F11F6395790000333C /* Main.storyboard */ = {
			isa = PBXVariantGroup;
			children = (
				D82774F21F6395790000333C /* Base */,
			);
			name = Main.storyboard;
			sourceTree = "<group>";
		};
		D82774F61F6395790000333C /* LaunchScreen.storyboard */ = {
			isa = PBXVariantGroup;
			children = (
				D82774F71F6395790000333C /* Base */,
			);
			name = LaunchScreen.storyboard;
			sourceTree = "<group>";
		};
/* End PBXVariantGroup section */

/* Begin XCBuildConfiguration section */
		D82774FA1F6395790000333C /* Debug */ = {
			isa = XCBuildConfiguration;
			buildSettings = {
				ALWAYS_SEARCH_USER_PATHS = NO;
				CLANG_ANALYZER_NONNULL = YES;
				CLANG_CXX_LANGUAGE_STANDARD = "gnu++0x";
				CLANG_CXX_LIBRARY = "libc++";
				CLANG_ENABLE_MODULES = YES;
				CLANG_ENABLE_OBJC_ARC = YES;
				CLANG_WARN_BOOL_CONVERSION = YES;
				CLANG_WARN_CONSTANT_CONVERSION = YES;
				CLANG_WARN_DIRECT_OBJC_ISA_USAGE = YES_ERROR;
				CLANG_WARN_DOCUMENTATION_COMMENTS = YES;
				CLANG_WARN_EMPTY_BODY = YES;
				CLANG_WARN_ENUM_CONVERSION = YES;
				CLANG_WARN_INFINITE_RECURSION = YES;
				CLANG_WARN_INT_CONVERSION = YES;
				CLANG_WARN_OBJC_ROOT_CLASS = YES_ERROR;
				CLANG_WARN_SUSPICIOUS_MOVES = YES;
				CLANG_WARN_UNREACHABLE_CODE = YES;
				CLANG_WARN__DUPLICATE_METHOD_MATCH = YES;
				"CODE_SIGN_IDENTITY[sdk=iphoneos*]" = "iPhone Developer";
				COPY_PHASE_STRIP = NO;
				DEBUG_INFORMATION_FORMAT = dwarf;
				ENABLE_STRICT_OBJC_MSGSEND = YES;
				ENABLE_TESTABILITY = YES;
				GCC_C_LANGUAGE_STANDARD = gnu99;
				GCC_DYNAMIC_NO_PIC = NO;
				GCC_NO_COMMON_BLOCKS = YES;
				GCC_OPTIMIZATION_LEVEL = 0;
				GCC_PREPROCESSOR_DEFINITIONS = (
					"DEBUG=1",
					"$(inherited)",
				);
				GCC_WARN_64_TO_32_BIT_CONVERSION = YES;
				GCC_WARN_ABOUT_RETURN_TYPE = YES_ERROR;
				GCC_WARN_UNDECLARED_SELECTOR = YES;
				GCC_WARN_UNINITIALIZED_AUTOS = YES_AGGRESSIVE;
				GCC_WARN_UNUSED_FUNCTION = YES;
				GCC_WARN_UNUSED_VARIABLE = YES;
				IPHONEOS_DEPLOYMENT_TARGET = 10.1;
				MTL_ENABLE_DEBUG_INFO = YES;
				ONLY_ACTIVE_ARCH = YES;
				SDKROOT = iphoneos;
				SWIFT_ACTIVE_COMPILATION_CONDITIONS = DEBUG;
				SWIFT_OPTIMIZATION_LEVEL = "-Onone";
			};
			name = Debug;
		};
		D82774FB1F6395790000333C /* Release */ = {
			isa = XCBuildConfiguration;
			buildSettings = {
				ALWAYS_SEARCH_USER_PATHS = NO;
				CLANG_ANALYZER_NONNULL = YES;
				CLANG_CXX_LANGUAGE_STANDARD = "gnu++0x";
				CLANG_CXX_LIBRARY = "libc++";
				CLANG_ENABLE_MODULES = YES;
				CLANG_ENABLE_OBJC_ARC = YES;
				CLANG_WARN_BOOL_CONVERSION = YES;
				CLANG_WARN_CONSTANT_CONVERSION = YES;
				CLANG_WARN_DIRECT_OBJC_ISA_USAGE = YES_ERROR;
				CLANG_WARN_DOCUMENTATION_COMMENTS = YES;
				CLANG_WARN_EMPTY_BODY = YES;
				CLANG_WARN_ENUM_CONVERSION = YES;
				CLANG_WARN_INFINITE_RECURSION = YES;
				CLANG_WARN_INT_CONVERSION = YES;
				CLANG_WARN_OBJC_ROOT_CLASS = YES_ERROR;
				CLANG_WARN_SUSPICIOUS_MOVES = YES;
				CLANG_WARN_UNREACHABLE_CODE = YES;
				CLANG_WARN__DUPLICATE_METHOD_MATCH = YES;
				"CODE_SIGN_IDENTITY[sdk=iphoneos*]" = "iPhone Developer";
				COPY_PHASE_STRIP = NO;
				DEBUG_INFORMATION_FORMAT = "dwarf-with-dsym";
				ENABLE_NS_ASSERTIONS = NO;
				ENABLE_STRICT_OBJC_MSGSEND = YES;
				GCC_C_LANGUAGE_STANDARD = gnu99;
				GCC_NO_COMMON_BLOCKS = YES;
				GCC_WARN_64_TO_32_BIT_CONVERSION = YES;
				GCC_WARN_ABOUT_RETURN_TYPE = YES_ERROR;
				GCC_WARN_UNDECLARED_SELECTOR = YES;
				GCC_WARN_UNINITIALIZED_AUTOS = YES_AGGRESSIVE;
				GCC_WARN_UNUSED_FUNCTION = YES;
				GCC_WARN_UNUSED_VARIABLE = YES;
				IPHONEOS_DEPLOYMENT_TARGET = 10.1;
				MTL_ENABLE_DEBUG_INFO = NO;
				SDKROOT = iphoneos;
				SWIFT_OPTIMIZATION_LEVEL = "-Owholemodule";
				VALIDATE_PRODUCT = YES;
			};
			name = Release;
		};
		D82774FD1F6395790000333C /* Debug */ = {
			isa = XCBuildConfiguration;
			baseConfigurationReference = 4F15A471F9FEE0FF25F33B3B /* Pods-gdg-firebase-demo.debug.xcconfig */;
			buildSettings = {
				ASSETCATALOG_COMPILER_APPICON_NAME = AppIcon;
				DEVELOPMENT_TEAM = VBK4T9U642;
				INFOPLIST_FILE = "gdg-firebase-demo/Info.plist";
				LD_RUNPATH_SEARCH_PATHS = "$(inherited) @executable_path/Frameworks";
				PRODUCT_BUNDLE_IDENTIFIER = "com.devsurya.com.gdg-firebase-demo";
				PRODUCT_NAME = "$(TARGET_NAME)";
				SWIFT_VERSION = 3.0;
			};
			name = Debug;
		};
		D82774FE1F6395790000333C /* Release */ = {
			isa = XCBuildConfiguration;
			baseConfigurationReference = 75C87450E28C50E77AB07FD7 /* Pods-gdg-firebase-demo.release.xcconfig */;
			buildSettings = {
				ASSETCATALOG_COMPILER_APPICON_NAME = AppIcon;
				DEVELOPMENT_TEAM = VBK4T9U642;
				INFOPLIST_FILE = "gdg-firebase-demo/Info.plist";
				LD_RUNPATH_SEARCH_PATHS = "$(inherited) @executable_path/Frameworks";
				PRODUCT_BUNDLE_IDENTIFIER = "com.devsurya.com.gdg-firebase-demo";
				PRODUCT_NAME = "$(TARGET_NAME)";
				SWIFT_VERSION = 3.0;
			};
			name = Release;
		};
/* End XCBuildConfiguration section */

/* Begin XCConfigurationList section */
		D82774E51F6395780000333C /* Build configuration list for PBXProject "gdg-firebase-demo" */ = {
			isa = XCConfigurationList;
			buildConfigurations = (
				D82774FA1F6395790000333C /* Debug */,
				D82774FB1F6395790000333C /* Release */,
			);
			defaultConfigurationIsVisible = 0;
			defaultConfigurationName = Release;
		};
		D82774FC1F6395790000333C /* Build configuration list for PBXNativeTarget "gdg-firebase-demo" */ = {
			isa = XCConfigurationList;
			buildConfigurations = (
				D82774FD1F6395790000333C /* Debug */,
				D82774FE1F6395790000333C /* Release */,
			);
			defaultConfigurationIsVisible = 0;
			defaultConfigurationName = Release;
		};
/* End XCConfigurationList section */
	};
	rootObject = D82774E21F6395780000333C /* Project object */;
}
